
Microsoft Visual Studio Solution File, Format Version 12.00
# Visual Studio Version 16
VisualStudioVersion = 16.0.29920.165
MinimumVisualStudioVersion = 10.0.40219.1
Project("{FAE04EC0-301F-11D3-BF4B-00C04F79EFBC}") = "user_sms_summary", "user_sms_summary\user_sms_summary.csproj", "{67CDF52F-FD96-493A-BDA0-767FEE070AB4}"
EndProject
Global
	GlobalSection(SolutionConfigurationPlatforms) = preSolution
		Debug|Any CPU = Debug|Any CPU
		Release|Any CPU = Release|Any CPU
	EndGlobalSection
	GlobalSection(ProjectConfigurationPlatforms) = postSolution
		{67CDF52F-FD96-493A-BDA0-767FEE070AB4}.Debug|Any CPU.ActiveCfg = Debug|Any CPU
		{67CDF52F-FD96-493A-BDA0-767FEE070AB4}.Debug|Any CPU.Build.0 = Debug|Any CPU
		{67CDF52F-FD96-493A-BDA0-767FEE070AB4}.Release|Any CPU.ActiveCfg = Release|Any CPU
		{67CDF52F-FD96-493A-BDA0-767FEE070AB4}.Release|Any CPU.Build.0 = Release|Any CPU
	EndGlobalSection
	GlobalSection(SolutionProperties) = preSolution
		HideSolutionNode = FALSE
	EndGlobalSection
	GlobalSection(ExtensibilityGlobals) = postSolution
		SolutionGuid = {890BCE4E-2B43-4642-8BCA-D52F59851146}
	EndGlobalSection
EndGlobal
